{
  "version": 4,
  "terraform_version": "1.5.1",
  "serial": 4,
  "lineage": "e3353811-0036-ec54-22dd-a3c944d14625",
  "outputs": {},
  "resources": [
    {
      "mode": "data",
      "type": "aws_route53_zone",
      "name": "this",
      "provider": "provider[\"registry.terraform.io/hashicorp/aws\"]",
      "instances": [
        {
          "schema_version": 0,
          "attributes": {
            "arn": "arn:aws:route53:::hostedzone/Z08035211NIS353SPKZ7J",
            "caller_reference": "0a6d8b4a-abd5-461e-b1e8-f28e76168f8d",
            "comment": "",
            "id": "Z08035211NIS353SPKZ7J",
            "linked_service_description": null,
            "linked_service_principal": null,
            "name": "appstellar.training",
            "name_servers": [
              "ns-1322.awsdns-37.org",
              "ns-1672.awsdns-17.co.uk",
              "ns-166.awsdns-20.com",
              "ns-739.awsdns-28.net"
            ],
            "primary_name_server": "ns-1322.awsdns-37.org",
            "private_zone": false,
            "resource_record_set_count": 10,
            "tags": {},
            "vpc_id": null,
            "zone_id": "Z08035211NIS353SPKZ7J"
          },
          "sensitive_attributes": []
        }
      ]
    },
    {
      "module": "module.acm",
      "mode": "managed",
      "type": "aws_acm_certificate",
      "name": "this",
      "provider": "provider[\"registry.terraform.io/hashicorp/aws\"]",
      "instances": [
        {
          "index_key": 0,
          "schema_version": 0,
          "attributes": {
            "arn": "arn:aws:acm:eu-central-1:313422618945:certificate/86d35aeb-cbef-400e-b0be-e6534724b2f8",
            "certificate_authority_arn": "",
            "certificate_body": null,
            "certificate_chain": null,
            "domain_name": "gent.appstellar.training",
            "domain_validation_options": [
              {
                "domain_name": "gent.appstellar.training",
                "resource_record_name": "_611382d0dd11fc0f37496f0a265bce27.gent.appstellar.training.",
                "resource_record_type": "CNAME",
                "resource_record_value": "_0d41a09b445f4bce035a820411b2d34d.jzckvmdcqj.acm-validations.aws."
              }
            ],
            "early_renewal_duration": "",
            "id": "arn:aws:acm:eu-central-1:313422618945:certificate/86d35aeb-cbef-400e-b0be-e6534724b2f8",
            "key_algorithm": "RSA_2048",
            "not_after": "",
            "not_before": "",
            "options": [
              {
                "certificate_transparency_logging_preference": "ENABLED"
              }
            ],
            "pending_renewal": false,
            "private_key": null,
            "renewal_eligibility": "INELIGIBLE",
            "renewal_summary": [],
            "status": "PENDING_VALIDATION",
            "subject_alternative_names": [
              "gent.appstellar.training"
            ],
            "tags": {
              "Name": "gent.appstellar.training"
            },
            "tags_all": {
              "Name": "gent.appstellar.training"
            },
            "type": "AMAZON_ISSUED",
            "validation_emails": [],
            "validation_method": "DNS",
            "validation_option": []
          },
          "sensitive_attributes": [],
          "private": "bnVsbA==",
          "create_before_destroy": true
        }
      ]
    },
    {
      "module": "module.acm",
      "mode": "managed",
      "type": "aws_acm_certificate_validation",
      "name": "this",
      "provider": "provider[\"registry.terraform.io/hashicorp/aws\"]",
      "instances": []
    }
  ],
  "check_results": null
}
